
Microsoft Visual Studio Solution File, Format Version 12.00
# Visual Studio Version 16
VisualStudioVersion = 16.0.29806.167
MinimumVisualStudioVersion = 10.0.40219.1
Project("{FAE04EC0-301F-11D3-BF4B-00C04F79EFBC}") = "thuchanh", "thuchanh.csproj", "{5E03EB15-C4AD-4538-95C6-496213FF41CD}"
EndProject
Global
	GlobalSection(SolutionConfigurationPlatforms) = preSolution
		Debug|Any CPU = Debug|Any CPU
		Release|Any CPU = Release|Any CPU
	EndGlobalSection
	GlobalSection(ProjectConfigurationPlatforms) = postSolution
		{5E03EB15-C4AD-4538-95C6-496213FF41CD}.Debug|Any CPU.ActiveCfg = Debug|Any CPU
		{5E03EB15-C4AD-4538-95C6-496213FF41CD}.Debug|Any CPU.Build.0 = Debug|Any CPU
		{5E03EB15-C4AD-4538-95C6-496213FF41CD}.Release|Any CPU.ActiveCfg = Release|Any CPU
		{5E03EB15-C4AD-4538-95C6-496213FF41CD}.Release|Any CPU.Build.0 = Release|Any CPU
	EndGlobalSection
	GlobalSection(SolutionProperties) = preSolution
		HideSolutionNode = FALSE
	EndGlobalSection
	GlobalSection(ExtensibilityGlobals) = postSolution
		SolutionGuid = {056D474E-D705-4672-9CAC-3C25ED2D29BA}
	EndGlobalSection
EndGlobal
