
Microsoft Visual Studio Solution File, Format Version 12.00
# Visual Studio Version 16
VisualStudioVersion = 16.0.29806.167
MinimumVisualStudioVersion = 10.0.40219.1
Project("{FAE04EC0-301F-11D3-BF4B-00C04F79EFBC}") = "chuong4", "chuong4.csproj", "{C8335035-7E83-475E-AE36-30695394B122}"
EndProject
Global
	GlobalSection(SolutionConfigurationPlatforms) = preSolution
		Debug|Any CPU = Debug|Any CPU
		Release|Any CPU = Release|Any CPU
	EndGlobalSection
	GlobalSection(ProjectConfigurationPlatforms) = postSolution
		{C8335035-7E83-475E-AE36-30695394B122}.Debug|Any CPU.ActiveCfg = Debug|Any CPU
		{C8335035-7E83-475E-AE36-30695394B122}.Debug|Any CPU.Build.0 = Debug|Any CPU
		{C8335035-7E83-475E-AE36-30695394B122}.Release|Any CPU.ActiveCfg = Release|Any CPU
		{C8335035-7E83-475E-AE36-30695394B122}.Release|Any CPU.Build.0 = Release|Any CPU
	EndGlobalSection
	GlobalSection(SolutionProperties) = preSolution
		HideSolutionNode = FALSE
	EndGlobalSection
	GlobalSection(ExtensibilityGlobals) = postSolution
		SolutionGuid = {0B8F3F5B-20D1-4F75-9268-3639B8C2501B}
	EndGlobalSection
EndGlobal
